
Microsoft Visual Studio Solution File, Format Version 12.00
# Visual Studio Version 16
VisualStudioVersion = 16.0.32002.261
MinimumVisualStudioVersion = 10.0.40219.1
Project("{FAE04EC0-301F-11D3-BF4B-00C04F79EFBC}") = "sample", "sample\sample.csproj", "{2C966E43-A84D-43B1-BF2D-919D2CDB5E64}"
EndProject
Global
	GlobalSection(SolutionConfigurationPlatforms) = preSolution
		Debug|Any CPU = Debug|Any CPU
		Release|Any CPU = Release|Any CPU
	EndGlobalSection
	GlobalSection(ProjectConfigurationPlatforms) = postSolution
		{2C966E43-A84D-43B1-BF2D-919D2CDB5E64}.Debug|Any CPU.ActiveCfg = Debug|Any CPU
		{2C966E43-A84D-43B1-BF2D-919D2CDB5E64}.Debug|Any CPU.Build.0 = Debug|Any CPU
		{2C966E43-A84D-43B1-BF2D-919D2CDB5E64}.Release|Any CPU.ActiveCfg = Release|Any CPU
		{2C966E43-A84D-43B1-BF2D-919D2CDB5E64}.Release|Any CPU.Build.0 = Release|Any CPU
	EndGlobalSection
	GlobalSection(SolutionProperties) = preSolution
		HideSolutionNode = FALSE
	EndGlobalSection
	GlobalSection(ExtensibilityGlobals) = postSolution
		SolutionGuid = {A38057D2-E70A-4B51-9224-723900EA3CED}
	EndGlobalSection
EndGlobal
